
Microsoft Visual Studio Solution File, Format Version 12.00
# Visual Studio 15
VisualStudioVersion = 15.0.26403.7
MinimumVisualStudioVersion = 10.0.40219.1
Project("{FAE04EC0-301F-11D3-BF4B-00C04F79EFBC}") = "Homework", "Homework\Homework.csproj", "{C54D2208-5A7E-4EB0-A42B-E8AF464C091A}"
EndProject
Project("{FAE04EC0-301F-11D3-BF4B-00C04F79EFBC}") = "HomeworkConsole", "HomeworkConsole\HomeworkConsole.csproj", "{698AB89E-FA5D-4325-BC76-F0E903731159}"
EndProject
Global
	GlobalSection(SolutionConfigurationPlatforms) = preSolution
		Debug|Any CPU = Debug|Any CPU
		Release|Any CPU = Release|Any CPU
	EndGlobalSection
	GlobalSection(ProjectConfigurationPlatforms) = postSolution
		{C54D2208-5A7E-4EB0-A42B-E8AF464C091A}.Debug|Any CPU.ActiveCfg = Debug|Any CPU
		{C54D2208-5A7E-4EB0-A42B-E8AF464C091A}.Debug|Any CPU.Build.0 = Debug|Any CPU
		{C54D2208-5A7E-4EB0-A42B-E8AF464C091A}.Release|Any CPU.ActiveCfg = Release|Any CPU
		{C54D2208-5A7E-4EB0-A42B-E8AF464C091A}.Release|Any CPU.Build.0 = Release|Any CPU
		{698AB89E-FA5D-4325-BC76-F0E903731159}.Debug|Any CPU.ActiveCfg = Debug|Any CPU
		{698AB89E-FA5D-4325-BC76-F0E903731159}.Debug|Any CPU.Build.0 = Debug|Any CPU
		{698AB89E-FA5D-4325-BC76-F0E903731159}.Release|Any CPU.ActiveCfg = Release|Any CPU
		{698AB89E-FA5D-4325-BC76-F0E903731159}.Release|Any CPU.Build.0 = Release|Any CPU
	EndGlobalSection
	GlobalSection(SolutionProperties) = preSolution
		HideSolutionNode = FALSE
	EndGlobalSection
EndGlobal
