
Microsoft Visual Studio Solution File, Format Version 12.00
# Visual Studio 2012
Project("{FAE04EC0-301F-11D3-BF4B-00C04F79EFBC}") = "FibonnaciIE", "FibonnaciIE\FibonnaciIE.csproj", "{458775BA-0CBF-4661-963B-04E0C9835063}"
EndProject
Global
	GlobalSection(SolutionConfigurationPlatforms) = preSolution
		Debug|Any CPU = Debug|Any CPU
		Release|Any CPU = Release|Any CPU
	EndGlobalSection
	GlobalSection(ProjectConfigurationPlatforms) = postSolution
		{458775BA-0CBF-4661-963B-04E0C9835063}.Debug|Any CPU.ActiveCfg = Debug|Any CPU
		{458775BA-0CBF-4661-963B-04E0C9835063}.Debug|Any CPU.Build.0 = Debug|Any CPU
		{458775BA-0CBF-4661-963B-04E0C9835063}.Release|Any CPU.ActiveCfg = Release|Any CPU
		{458775BA-0CBF-4661-963B-04E0C9835063}.Release|Any CPU.Build.0 = Release|Any CPU
	EndGlobalSection
	GlobalSection(SolutionProperties) = preSolution
		HideSolutionNode = FALSE
	EndGlobalSection
EndGlobal
